
Microsoft Visual Studio Solution File, Format Version 12.00
# Visual Studio 2013
VisualStudioVersion = 12.0.31101.0
MinimumVisualStudioVersion = 10.0.40219.1
Project("{FAE04EC0-301F-11D3-BF4B-00C04F79EFBC}") = "ASPMVCShoppingCart", "ASPMVCShoppingCart\ASPMVCShoppingCart.csproj", "{CEB7F174-4CD6-492C-A683-CF2C0DFB89F2}"
EndProject
Global
	GlobalSection(SolutionConfigurationPlatforms) = preSolution
		Debug|Any CPU = Debug|Any CPU
		Release|Any CPU = Release|Any CPU
	EndGlobalSection
	GlobalSection(ProjectConfigurationPlatforms) = postSolution
		{CEB7F174-4CD6-492C-A683-CF2C0DFB89F2}.Debug|Any CPU.ActiveCfg = Debug|Any CPU
		{CEB7F174-4CD6-492C-A683-CF2C0DFB89F2}.Debug|Any CPU.Build.0 = Debug|Any CPU
		{CEB7F174-4CD6-492C-A683-CF2C0DFB89F2}.Release|Any CPU.ActiveCfg = Release|Any CPU
		{CEB7F174-4CD6-492C-A683-CF2C0DFB89F2}.Release|Any CPU.Build.0 = Release|Any CPU
	EndGlobalSection
	GlobalSection(SolutionProperties) = preSolution
		HideSolutionNode = FALSE
	EndGlobalSection
EndGlobal
